// !$*UTF8*$!
{
	archiveVersion = 1;
	classes = {
	};
	objectVersion = 50;
	objects = {

/* Begin PBXBuildFile section */
		72E565DC21E672AA0050085D /* AppDelegate.swift in Sources */ = {isa = PBXBuildFile; fileRef = 72E565DB21E672AA0050085D /* AppDelegate.swift */; };
		72E565E121E672AA0050085D /* Main.storyboard in Resources */ = {isa = PBXBuildFile; fileRef = 72E565DF21E672AA0050085D /* Main.storyboard */; };
		72E565E321E672AB0050085D /* Assets.xcassets in Resources */ = {isa = PBXBuildFile; fileRef = 72E565E221E672AB0050085D /* Assets.xcassets */; };
		72E565E621E672AB0050085D /* LaunchScreen.storyboard in Resources */ = {isa = PBXBuildFile; fileRef = 72E565E421E672AB0050085D /* LaunchScreen.storyboard */; };
		72E565EE21E68B100050085D /* Network Brain.swift in Sources */ = {isa = PBXBuildFile; fileRef = 72E565ED21E68B100050085D /* Network Brain.swift */; };
		72E565F021E68B5E0050085D /* ServerConfig.swift in Sources */ = {isa = PBXBuildFile; fileRef = 72E565EF21E68B5E0050085D /* ServerConfig.swift */; };
		72E565F221E68B940050085D /* StringCore.swift in Sources */ = {isa = PBXBuildFile; fileRef = 72E565F121E68B940050085D /* StringCore.swift */; };
		72E565F421E68BB40050085D /* String.strings in Resources */ = {isa = PBXBuildFile; fileRef = 72E565F321E68BB40050085D /* String.strings */; };
		72E565F921E690BF0050085D /* Collection.swift in Sources */ = {isa = PBXBuildFile; fileRef = 72E565F821E690BF0050085D /* Collection.swift */; };
		72E565FD21E692C10050085D /* CollectionsListViewController.swift in Sources */ = {isa = PBXBuildFile; fileRef = 72E565FC21E692C10050085D /* CollectionsListViewController.swift */; };
		72E565FF21E692DC0050085D /* CollectionsListViewModel.swift in Sources */ = {isa = PBXBuildFile; fileRef = 72E565FE21E692DC0050085D /* CollectionsListViewModel.swift */; };
		72E5660121E6977C0050085D /* CollectionViewModel.swift in Sources */ = {isa = PBXBuildFile; fileRef = 72E5660021E6977C0050085D /* CollectionViewModel.swift */; };
		72E5660421E69BA60050085D /* CellProtocol.swift in Sources */ = {isa = PBXBuildFile; fileRef = 72E5660321E69BA60050085D /* CellProtocol.swift */; };
		72E5660621E6B1A20050085D /* CollectionService.swift in Sources */ = {isa = PBXBuildFile; fileRef = 72E5660521E6B1A20050085D /* CollectionService.swift */; };
		72E5660821E6B41C0050085D /* Error.swift in Sources */ = {isa = PBXBuildFile; fileRef = 72E5660721E6B41C0050085D /* Error.swift */; };
		72E5660D21E808710050085D /* CollectionTableViewCell.swift in Sources */ = {isa = PBXBuildFile; fileRef = 72E5660B21E808710050085D /* CollectionTableViewCell.swift */; };
		72E5660E21E808710050085D /* CollectionTableViewCell.xib in Resources */ = {isa = PBXBuildFile; fileRef = 72E5660C21E808710050085D /* CollectionTableViewCell.xib */; };
		72E5661121E911A20050085D /* Observer+.swift in Sources */ = {isa = PBXBuildFile; fileRef = 72E5661021E911A20050085D /* Observer+.swift */; };
		72E5661321E91C7C0050085D /* ActivityIndicator.swift in Sources */ = {isa = PBXBuildFile; fileRef = 72E5661221E91C7C0050085D /* ActivityIndicator.swift */; };
		72E5661521E91CA70050085D /* ErrorTracker.swift in Sources */ = {isa = PBXBuildFile; fileRef = 72E5661421E91CA70050085D /* ErrorTracker.swift */; };
		72E5661721E942FE0050085D /* Network.swift in Sources */ = {isa = PBXBuildFile; fileRef = 72E5661621E942FE0050085D /* Network.swift */; };
		72E5661A21E96E6D0050085D /* Navigator.swift in Sources */ = {isa = PBXBuildFile; fileRef = 72E5661921E96E6D0050085D /* Navigator.swift */; };
		72E5661C21E96ED40050085D /* UIWindow+.swift in Sources */ = {isa = PBXBuildFile; fileRef = 72E5661B21E96ED40050085D /* UIWindow+.swift */; };
		72E5661E21E96EEE0050085D /* UIView.swift in Sources */ = {isa = PBXBuildFile; fileRef = 72E5661D21E96EEE0050085D /* UIView.swift */; };
		72E5662021E96F160050085D /* CustomViewController.swift in Sources */ = {isa = PBXBuildFile; fileRef = 72E5661F21E96F160050085D /* CustomViewController.swift */; };
		72E5662221E96F580050085D /* UIStoryboard.swift in Sources */ = {isa = PBXBuildFile; fileRef = 72E5662121E96F580050085D /* UIStoryboard.swift */; };
		72E5662521E9713E0050085D /* Then.swift in Sources */ = {isa = PBXBuildFile; fileRef = 72E5662421E9713E0050085D /* Then.swift */; };
		72E5662821EA26230050085D /* CollectionProductsViewController.swift in Sources */ = {isa = PBXBuildFile; fileRef = 72E5662721EA26230050085D /* CollectionProductsViewController.swift */; };
		72E5662B21EA26370050085D /* CollectionProductsTableViewCell.swift in Sources */ = {isa = PBXBuildFile; fileRef = 72E5662921EA26370050085D /* CollectionProductsTableViewCell.swift */; };
		72E5662C21EA26370050085D /* CollectionProductsTableViewCell.xib in Resources */ = {isa = PBXBuildFile; fileRef = 72E5662A21EA26370050085D /* CollectionProductsTableViewCell.xib */; };
		72E5662E21EA26580050085D /* CollectionProductsViewModel.swift in Sources */ = {isa = PBXBuildFile; fileRef = 72E5662D21EA26580050085D /* CollectionProductsViewModel.swift */; };
		72E5663021EA8C6D0050085D /* Collect.swift in Sources */ = {isa = PBXBuildFile; fileRef = 72E5662F21EA8C6D0050085D /* Collect.swift */; };
		72E5663221EA941A0050085D /* ProductViewModel.swift in Sources */ = {isa = PBXBuildFile; fileRef = 72E5663121EA941A0050085D /* ProductViewModel.swift */; };
		72E5663421EA96180050085D /* Product.swift in Sources */ = {isa = PBXBuildFile; fileRef = 72E5663321EA96180050085D /* Product.swift */; };
		A2B5112F6F2AF3FFC7726D9F /* Pods_Shopify.framework in Frameworks */ = {isa = PBXBuildFile; fileRef = 298EE961527778808A6D541E /* Pods_Shopify.framework */; };
/* End PBXBuildFile section */

/* Begin PBXFileReference section */
		298EE961527778808A6D541E /* Pods_Shopify.framework */ = {isa = PBXFileReference; explicitFileType = wrapper.framework; includeInIndex = 0; path = Pods_Shopify.framework; sourceTree = BUILT_PRODUCTS_DIR; };
		72E565D821E672AA0050085D /* Shopify.app */ = {isa = PBXFileReference; explicitFileType = wrapper.application; includeInIndex = 0; path = Shopify.app; sourceTree = BUILT_PRODUCTS_DIR; };
		72E565DB21E672AA0050085D /* AppDelegate.swift */ = {isa = PBXFileReference; lastKnownFileType = sourcecode.swift; path = AppDelegate.swift; sourceTree = "<group>"; };
		72E565E021E672AA0050085D /* Base */ = {isa = PBXFileReference; lastKnownFileType = file.storyboard; name = Base; path = Base.lproj/Main.storyboard; sourceTree = "<group>"; };
		72E565E221E672AB0050085D /* Assets.xcassets */ = {isa = PBXFileReference; lastKnownFileType = folder.assetcatalog; path = Assets.xcassets; sourceTree = "<group>"; };
		72E565E521E672AB0050085D /* Base */ = {isa = PBXFileReference; lastKnownFileType = file.storyboard; name = Base; path = Base.lproj/LaunchScreen.storyboard; sourceTree = "<group>"; };
		72E565E721E672AB0050085D /* Info.plist */ = {isa = PBXFileReference; lastKnownFileType = text.plist.xml; path = Info.plist; sourceTree = "<group>"; };
		72E565ED21E68B100050085D /* Network Brain.swift */ = {isa = PBXFileReference; lastKnownFileType = sourcecode.swift; path = "Network Brain.swift"; sourceTree = "<group>"; };
		72E565EF21E68B5E0050085D /* ServerConfig.swift */ = {isa = PBXFileReference; lastKnownFileType = sourcecode.swift; path = ServerConfig.swift; sourceTree = "<group>"; };
		72E565F121E68B940050085D /* StringCore.swift */ = {isa = PBXFileReference; lastKnownFileType = sourcecode.swift; path = StringCore.swift; sourceTree = "<group>"; };
		72E565F321E68BB40050085D /* String.strings */ = {isa = PBXFileReference; lastKnownFileType = text.plist.strings; path = String.strings; sourceTree = "<group>"; };
		72E565F821E690BF0050085D /* Collection.swift */ = {isa = PBXFileReference; lastKnownFileType = sourcecode.swift; path = Collection.swift; sourceTree = "<group>"; };
		72E565FC21E692C10050085D /* CollectionsListViewController.swift */ = {isa = PBXFileReference; lastKnownFileType = sourcecode.swift; path = CollectionsListViewController.swift; sourceTree = "<group>"; };
		72E565FE21E692DC0050085D /* CollectionsListViewModel.swift */ = {isa = PBXFileReference; lastKnownFileType = sourcecode.swift; path = CollectionsListViewModel.swift; sourceTree = "<group>"; };
		72E5660021E6977C0050085D /* CollectionViewModel.swift */ = {isa = PBXFileReference; lastKnownFileType = sourcecode.swift; path = CollectionViewModel.swift; sourceTree = "<group>"; };
		72E5660321E69BA60050085D /* CellProtocol.swift */ = {isa = PBXFileReference; lastKnownFileType = sourcecode.swift; path = CellProtocol.swift; sourceTree = "<group>"; };
		72E5660521E6B1A20050085D /* CollectionService.swift */ = {isa = PBXFileReference; lastKnownFileType = sourcecode.swift; path = CollectionService.swift; sourceTree = "<group>"; };
		72E5660721E6B41C0050085D /* Error.swift */ = {isa = PBXFileReference; lastKnownFileType = sourcecode.swift; path = Error.swift; sourceTree = "<group>"; };
		72E5660B21E808710050085D /* CollectionTableViewCell.swift */ = {isa = PBXFileReference; lastKnownFileType = sourcecode.swift; path = CollectionTableViewCell.swift; sourceTree = "<group>"; };
		72E5660C21E808710050085D /* CollectionTableViewCell.xib */ = {isa = PBXFileReference; lastKnownFileType = file.xib; path = CollectionTableViewCell.xib; sourceTree = "<group>"; };
		72E5661021E911A20050085D /* Observer+.swift */ = {isa = PBXFileReference; lastKnownFileType = sourcecode.swift; path = "Observer+.swift"; sourceTree = "<group>"; };
		72E5661221E91C7C0050085D /* ActivityIndicator.swift */ = {isa = PBXFileReference; lastKnownFileType = sourcecode.swift; path = ActivityIndicator.swift; sourceTree = "<group>"; };
		72E5661421E91CA70050085D /* ErrorTracker.swift */ = {isa = PBXFileReference; lastKnownFileType = sourcecode.swift; path = ErrorTracker.swift; sourceTree = "<group>"; };
		72E5661621E942FE0050085D /* Network.swift */ = {isa = PBXFileReference; lastKnownFileType = sourcecode.swift; path = Network.swift; sourceTree = "<group>"; };
		72E5661921E96E6D0050085D /* Navigator.swift */ = {isa = PBXFileReference; lastKnownFileType = sourcecode.swift; path = Navigator.swift; sourceTree = "<group>"; };
		72E5661B21E96ED40050085D /* UIWindow+.swift */ = {isa = PBXFileReference; lastKnownFileType = sourcecode.swift; path = "UIWindow+.swift"; sourceTree = "<group>"; };
		72E5661D21E96EEE0050085D /* UIView.swift */ = {isa = PBXFileReference; lastKnownFileType = sourcecode.swift; path = UIView.swift; sourceTree = "<group>"; };
		72E5661F21E96F160050085D /* CustomViewController.swift */ = {isa = PBXFileReference; lastKnownFileType = sourcecode.swift; path = CustomViewController.swift; sourceTree = "<group>"; };
		72E5662121E96F580050085D /* UIStoryboard.swift */ = {isa = PBXFileReference; lastKnownFileType = sourcecode.swift; path = UIStoryboard.swift; sourceTree = "<group>"; };
		72E5662421E9713E0050085D /* Then.swift */ = {isa = PBXFileReference; lastKnownFileType = sourcecode.swift; path = Then.swift; sourceTree = "<group>"; };
		72E5662721EA26230050085D /* CollectionProductsViewController.swift */ = {isa = PBXFileReference; lastKnownFileType = sourcecode.swift; path = CollectionProductsViewController.swift; sourceTree = "<group>"; };
		72E5662921EA26370050085D /* CollectionProductsTableViewCell.swift */ = {isa = PBXFileReference; lastKnownFileType = sourcecode.swift; path = CollectionProductsTableViewCell.swift; sourceTree = "<group>"; };
		72E5662A21EA26370050085D /* CollectionProductsTableViewCell.xib */ = {isa = PBXFileReference; lastKnownFileType = file.xib; path = CollectionProductsTableViewCell.xib; sourceTree = "<group>"; };
		72E5662D21EA26580050085D /* CollectionProductsViewModel.swift */ = {isa = PBXFileReference; lastKnownFileType = sourcecode.swift; path = CollectionProductsViewModel.swift; sourceTree = "<group>"; };
		72E5662F21EA8C6D0050085D /* Collect.swift */ = {isa = PBXFileReference; lastKnownFileType = sourcecode.swift; path = Collect.swift; sourceTree = "<group>"; };
		72E5663121EA941A0050085D /* ProductViewModel.swift */ = {isa = PBXFileReference; lastKnownFileType = sourcecode.swift; path = ProductViewModel.swift; sourceTree = "<group>"; };
		72E5663321EA96180050085D /* Product.swift */ = {isa = PBXFileReference; lastKnownFileType = sourcecode.swift; path = Product.swift; sourceTree = "<group>"; };
		C4F55C20EA57E75E7292A46D /* Pods-Shopify.debug.xcconfig */ = {isa = PBXFileReference; includeInIndex = 1; lastKnownFileType = text.xcconfig; name = "Pods-Shopify.debug.xcconfig"; path = "Pods/Target Support Files/Pods-Shopify/Pods-Shopify.debug.xcconfig"; sourceTree = "<group>"; };
		F5CE133B34D6800FABC4482A /* Pods-Shopify.release.xcconfig */ = {isa = PBXFileReference; includeInIndex = 1; lastKnownFileType = text.xcconfig; name = "Pods-Shopify.release.xcconfig"; path = "Pods/Target Support Files/Pods-Shopify/Pods-Shopify.release.xcconfig"; sourceTree = "<group>"; };
/* End PBXFileReference section */

/* Begin PBXFrameworksBuildPhase section */
		72E565D521E672AA0050085D /* Frameworks */ = {
			isa = PBXFrameworksBuildPhase;
			buildActionMask = 2147483647;
			files = (
				A2B5112F6F2AF3FFC7726D9F /* Pods_Shopify.framework in Frameworks */,
			);
			runOnlyForDeploymentPostprocessing = 0;
		};
/* End PBXFrameworksBuildPhase section */

/* Begin PBXGroup section */
		49C956424B9608DECC802C21 /* Frameworks */ = {
			isa = PBXGroup;
			children = (
				298EE961527778808A6D541E /* Pods_Shopify.framework */,
			);
			name = Frameworks;
			sourceTree = "<group>";
		};
		7279973821EAB22E0093373B /* Cell */ = {
			isa = PBXGroup;
			children = (
				72E5662921EA26370050085D /* CollectionProductsTableViewCell.swift */,
				72E5662A21EA26370050085D /* CollectionProductsTableViewCell.xib */,
			);
			path = Cell;
			sourceTree = "<group>";
		};
		7279973921EAB2360093373B /* Cell */ = {
			isa = PBXGroup;
			children = (
				72E5660B21E808710050085D /* CollectionTableViewCell.swift */,
				72E5660C21E808710050085D /* CollectionTableViewCell.xib */,
			);
			path = Cell;
			sourceTree = "<group>";
		};
		72E565CF21E672AA0050085D = {
			isa = PBXGroup;
			children = (
				72E565DA21E672AA0050085D /* Shopify */,
				72E565D921E672AA0050085D /* Products */,
				F43F6DE3E9FD12811DC5BE49 /* Pods */,
				49C956424B9608DECC802C21 /* Frameworks */,
			);
			sourceTree = "<group>";
		};
		72E565D921E672AA0050085D /* Products */ = {
			isa = PBXGroup;
			children = (
				72E565D821E672AA0050085D /* Shopify.app */,
			);
			name = Products;
			sourceTree = "<group>";
		};
		72E565DA21E672AA0050085D /* Shopify */ = {
			isa = PBXGroup;
			children = (
				72E565DB21E672AA0050085D /* AppDelegate.swift */,
				72E565DF21E672AA0050085D /* Main.storyboard */,
				72E565E221E672AB0050085D /* Assets.xcassets */,
				72E565E421E672AB0050085D /* LaunchScreen.storyboard */,
				72E565E721E672AB0050085D /* Info.plist */,
				72E5661921E96E6D0050085D /* Navigator.swift */,
				72E5661821E96BEA0050085D /* Open Source Help */,
				72E5660F21E9118A0050085D /* Extentions */,
				72E5660221E69B550050085D /* Custom */,
				72E565FA21E692890050085D /* Scenes */,
				72E565F721E690B30050085D /* Entities */,
				72E565F521E68C720050085D /* Core */,
				72E565F621E68C7F0050085D /* Strings */,
			);
			path = Shopify;
			sourceTree = "<group>";
		};
		72E565F521E68C720050085D /* Core */ = {
			isa = PBXGroup;
			children = (
				72E5661621E942FE0050085D /* Network.swift */,
				72E565EF21E68B5E0050085D /* ServerConfig.swift */,
				72E565ED21E68B100050085D /* Network Brain.swift */,
				72E5660521E6B1A20050085D /* CollectionService.swift */,
				72E5660721E6B41C0050085D /* Error.swift */,
			);
			path = Core;
			sourceTree = "<group>";
		};
		72E565F621E68C7F0050085D /* Strings */ = {
			isa = PBXGroup;
			children = (
				72E565F121E68B940050085D /* StringCore.swift */,
				72E565F321E68BB40050085D /* String.strings */,
			);
			path = Strings;
			sourceTree = "<group>";
		};
		72E565F721E690B30050085D /* Entities */ = {
			isa = PBXGroup;
			children = (
				72E565F821E690BF0050085D /* Collection.swift */,
				72E5662F21EA8C6D0050085D /* Collect.swift */,
				72E5663321EA96180050085D /* Product.swift */,
			);
			path = Entities;
			sourceTree = "<group>";
		};
		72E565FA21E692890050085D /* Scenes */ = {
			isa = PBXGroup;
			children = (
				72E565FB21E692A00050085D /* Collections View */,
				72E5662621EA25DE0050085D /* Collection Products */,
			);
			path = Scenes;
			sourceTree = "<group>";
		};
		72E565FB21E692A00050085D /* Collections View */ = {
			isa = PBXGroup;
			children = (
				72E565FC21E692C10050085D /* CollectionsListViewController.swift */,
				72E565FE21E692DC0050085D /* CollectionsListViewModel.swift */,
				72E5660021E6977C0050085D /* CollectionViewModel.swift */,
				7279973921EAB2360093373B /* Cell */,
			);
			path = "Collections View";
			sourceTree = "<group>";
		};
		72E5660221E69B550050085D /* Custom */ = {
			isa = PBXGroup;
			children = (
				72E5661F21E96F160050085D /* CustomViewController.swift */,
				72E5660321E69BA60050085D /* CellProtocol.swift */,
			);
			path = Custom;
			sourceTree = "<group>";
		};
		72E5660F21E9118A0050085D /* Extentions */ = {
			isa = PBXGroup;
			children = (
				72E5661021E911A20050085D /* Observer+.swift */,
				72E5661B21E96ED40050085D /* UIWindow+.swift */,
				72E5661D21E96EEE0050085D /* UIView.swift */,
				72E5662121E96F580050085D /* UIStoryboard.swift */,
			);
			path = Extentions;
			sourceTree = "<group>";
		};
		72E5661821E96BEA0050085D /* Open Source Help */ = {
			isa = PBXGroup;
			children = (
				72E5662421E9713E0050085D /* Then.swift */,
				72E5661221E91C7C0050085D /* ActivityIndicator.swift */,
				72E5661421E91CA70050085D /* ErrorTracker.swift */,
			);
			name = "Open Source Help";
			sourceTree = "<group>";
		};
		72E5662621EA25DE0050085D /* Collection Products */ = {
			isa = PBXGroup;
			children = (
				72E5662721EA26230050085D /* CollectionProductsViewController.swift */,
				72E5662D21EA26580050085D /* CollectionProductsViewModel.swift */,
				72E5663121EA941A0050085D /* ProductViewModel.swift */,
				7279973821EAB22E0093373B /* Cell */,
			);
			path = "Collection Products";
			sourceTree = "<group>";
		};
		F43F6DE3E9FD12811DC5BE49 /* Pods */ = {
			isa = PBXGroup;
			children = (
				C4F55C20EA57E75E7292A46D /* Pods-Shopify.debug.xcconfig */,
				F5CE133B34D6800FABC4482A /* Pods-Shopify.release.xcconfig */,
			);
			name = Pods;
			sourceTree = "<group>";
		};
/* End PBXGroup section */

/* Begin PBXNativeTarget section */
		72E565D721E672AA0050085D /* Shopify */ = {
			isa = PBXNativeTarget;
			buildConfigurationList = 72E565EA21E672AB0050085D /* Build configuration list for PBXNativeTarget "Shopify" */;
			buildPhases = (
				73A744EAD18D94E64024FBA9 /* [CP] Check Pods Manifest.lock */,
				72E565D421E672AA0050085D /* Sources */,
				72E565D521E672AA0050085D /* Frameworks */,
				72E565D621E672AA0050085D /* Resources */,
				79EBDA623C7C18FD5AF1725A /* [CP] Embed Pods Frameworks */,
			);
			buildRules = (
			);
			dependencies = (
			);
			name = Shopify;
			productName = Shopify;
			productReference = 72E565D821E672AA0050085D /* Shopify.app */;
			productType = "com.apple.product-type.application";
		};
/* End PBXNativeTarget section */

/* Begin PBXProject section */
		72E565D021E672AA0050085D /* Project object */ = {
			isa = PBXProject;
			attributes = {
				LastSwiftUpdateCheck = 1010;
				LastUpgradeCheck = 1010;
				ORGANIZATIONNAME = "Morteza Hosseini Zadeh";
				TargetAttributes = {
					72E565D721E672AA0050085D = {
						CreatedOnToolsVersion = 10.1;
					};
				};
			};
			buildConfigurationList = 72E565D321E672AA0050085D /* Build configuration list for PBXProject "Shopify" */;
			compatibilityVersion = "Xcode 9.3";
			developmentRegion = en;
			hasScannedForEncodings = 0;
			knownRegions = (
				en,
				Base,
			);
			mainGroup = 72E565CF21E672AA0050085D;
			productRefGroup = 72E565D921E672AA0050085D /* Products */;
			projectDirPath = "";
			projectRoot = "";
			targets = (
				72E565D721E672AA0050085D /* Shopify */,
			);
		};
/* End PBXProject section */

/* Begin PBXResourcesBuildPhase section */
		72E565D621E672AA0050085D /* Resources */ = {
			isa = PBXResourcesBuildPhase;
			buildActionMask = 2147483647;
			files = (
				72E5660E21E808710050085D /* CollectionTableViewCell.xib in Resources */,
				72E5662C21EA26370050085D /* CollectionProductsTableViewCell.xib in Resources */,
				72E565E621E672AB0050085D /* LaunchScreen.storyboard in Resources */,
				72E565F421E68BB40050085D /* String.strings in Resources */,
				72E565E321E672AB0050085D /* Assets.xcassets in Resources */,
				72E565E121E672AA0050085D /* Main.storyboard in Resources */,
			);
			runOnlyForDeploymentPostprocessing = 0;
		};
/* End PBXResourcesBuildPhase section */

/* Begin PBXShellScriptBuildPhase section */
		73A744EAD18D94E64024FBA9 /* [CP] Check Pods Manifest.lock */ = {
			isa = PBXShellScriptBuildPhase;
			buildActionMask = 2147483647;
			files = (
			);
			inputPaths = (
				"${PODS_PODFILE_DIR_PATH}/Podfile.lock",
				"${PODS_ROOT}/Manifest.lock",
			);
			name = "[CP] Check Pods Manifest.lock";
			outputPaths = (
				"$(DERIVED_FILE_DIR)/Pods-Shopify-checkManifestLockResult.txt",
			);
			runOnlyForDeploymentPostprocessing = 0;
			shellPath = /bin/sh;
			shellScript = "diff \"${PODS_PODFILE_DIR_PATH}/Podfile.lock\" \"${PODS_ROOT}/Manifest.lock\" > /dev/null\nif [ $? != 0 ] ; then\n    # print error to STDERR\n    echo \"error: The sandbox is not in sync with the Podfile.lock. Run 'pod install' or update your CocoaPods installation.\" >&2\n    exit 1\nfi\n# This output is used by Xcode 'outputs' to avoid re-running this script phase.\necho \"SUCCESS\" > \"${SCRIPT_OUTPUT_FILE_0}\"\n";
			showEnvVarsInLog = 0;
		};
		79EBDA623C7C18FD5AF1725A /* [CP] Embed Pods Frameworks */ = {
			isa = PBXShellScriptBuildPhase;
			buildActionMask = 2147483647;
			files = (
			);
			inputPaths = (
				"${SRCROOT}/Pods/Target Support Files/Pods-Shopify/Pods-Shopify-frameworks.sh",
				"${BUILT_PRODUCTS_DIR}/Alamofire/Alamofire.framework",
				"${BUILT_PRODUCTS_DIR}/AlamofireObjectMapper/AlamofireObjectMapper.framework",
				"${BUILT_PRODUCTS_DIR}/DZNEmptyDataSet/DZNEmptyDataSet.framework",
				"${BUILT_PRODUCTS_DIR}/IQKeyboardManagerSwift/IQKeyboardManagerSwift.framework",
				"${BUILT_PRODUCTS_DIR}/MZAppearance/MZAppearance.framework",
				"${BUILT_PRODUCTS_DIR}/MZFormSheetPresentationController/MZFormSheetPresentationController.framework",
				"${BUILT_PRODUCTS_DIR}/ObjectMapper/ObjectMapper.framework",
				"${BUILT_PRODUCTS_DIR}/RxAlamofire/RxAlamofire.framework",
				"${BUILT_PRODUCTS_DIR}/RxAtomic/RxAtomic.framework",
				"${BUILT_PRODUCTS_DIR}/RxCocoa/RxCocoa.framework",
				"${BUILT_PRODUCTS_DIR}/RxSwift/RxSwift.framework",
				"${BUILT_PRODUCTS_DIR}/SDWebImage/SDWebImage.framework",
				"${BUILT_PRODUCTS_DIR}/SVProgressHUD/SVProgressHUD.framework",
				"${BUILT_PRODUCTS_DIR}/SwiftMessages/SwiftMessages.framework",
				"${BUILT_PRODUCTS_DIR}/thenPromise/then.framework",
			);
			name = "[CP] Embed Pods Frameworks";
			outputPaths = (
				"${TARGET_BUILD_DIR}/${FRAMEWORKS_FOLDER_PATH}/Alamofire.framework",
				"${TARGET_BUILD_DIR}/${FRAMEWORKS_FOLDER_PATH}/AlamofireObjectMapper.framework",
				"${TARGET_BUILD_DIR}/${FRAMEWORKS_FOLDER_PATH}/DZNEmptyDataSet.framework",
				"${TARGET_BUILD_DIR}/${FRAMEWORKS_FOLDER_PATH}/IQKeyboardManagerSwift.framework",
				"${TARGET_BUILD_DIR}/${FRAMEWORKS_FOLDER_PATH}/MZAppearance.framework",
				"${TARGET_BUILD_DIR}/${FRAMEWORKS_FOLDER_PATH}/MZFormSheetPresentationController.framework",
				"${TARGET_BUILD_DIR}/${FRAMEWORKS_FOLDER_PATH}/ObjectMapper.framework",
				"${TARGET_BUILD_DIR}/${FRAMEWORKS_FOLDER_PATH}/RxAlamofire.framework",
				"${TARGET_BUILD_DIR}/${FRAMEWORKS_FOLDER_PATH}/RxAtomic.framework",
				"${TARGET_BUILD_DIR}/${FRAMEWORKS_FOLDER_PATH}/RxCocoa.framework",
				"${TARGET_BUILD_DIR}/${FRAMEWORKS_FOLDER_PATH}/RxSwift.framework",
				"${TARGET_BUILD_DIR}/${FRAMEWORKS_FOLDER_PATH}/SDWebImage.framework",
				"${TARGET_BUILD_DIR}/${FRAMEWORKS_FOLDER_PATH}/SVProgressHUD.framework",
				"${TARGET_BUILD_DIR}/${FRAMEWORKS_FOLDER_PATH}/SwiftMessages.framework",
				"${TARGET_BUILD_DIR}/${FRAMEWORKS_FOLDER_PATH}/then.framework",
			);
			runOnlyForDeploymentPostprocessing = 0;
			shellPath = /bin/sh;
			shellScript = "\"${SRCROOT}/Pods/Target Support Files/Pods-Shopify/Pods-Shopify-frameworks.sh\"\n";
			showEnvVarsInLog = 0;
		};
/* End PBXShellScriptBuildPhase section */

/* Begin PBXSourcesBuildPhase section */
		72E565D421E672AA0050085D /* Sources */ = {
			isa = PBXSourcesBuildPhase;
			buildActionMask = 2147483647;
			files = (
				72E565FD21E692C10050085D /* CollectionsListViewController.swift in Sources */,
				72E5661A21E96E6D0050085D /* Navigator.swift in Sources */,
				72E5660421E69BA60050085D /* CellProtocol.swift in Sources */,
				72E5662B21EA26370050085D /* CollectionProductsTableViewCell.swift in Sources */,
				72E5661721E942FE0050085D /* Network.swift in Sources */,
				72E5663221EA941A0050085D /* ProductViewModel.swift in Sources */,
				72E565FF21E692DC0050085D /* CollectionsListViewModel.swift in Sources */,
				72E5660821E6B41C0050085D /* Error.swift in Sources */,
				72E5662221E96F580050085D /* UIStoryboard.swift in Sources */,
				72E5661521E91CA70050085D /* ErrorTracker.swift in Sources */,
				72E5662021E96F160050085D /* CustomViewController.swift in Sources */,
				72E5661321E91C7C0050085D /* ActivityIndicator.swift in Sources */,
				72E5662521E9713E0050085D /* Then.swift in Sources */,
				72E5663421EA96180050085D /* Product.swift in Sources */,
				72E565F221E68B940050085D /* StringCore.swift in Sources */,
				72E565F921E690BF0050085D /* Collection.swift in Sources */,
				72E5660121E6977C0050085D /* CollectionViewModel.swift in Sources */,
				72E5661121E911A20050085D /* Observer+.swift in Sources */,
				72E5660D21E808710050085D /* CollectionTableViewCell.swift in Sources */,
				72E5661E21E96EEE0050085D /* UIView.swift in Sources */,
				72E565EE21E68B100050085D /* Network Brain.swift in Sources */,
				72E5662E21EA26580050085D /* CollectionProductsViewModel.swift in Sources */,
				72E5662821EA26230050085D /* CollectionProductsViewController.swift in Sources */,
				72E5660621E6B1A20050085D /* CollectionService.swift in Sources */,
				72E565F021E68B5E0050085D /* ServerConfig.swift in Sources */,
				72E565DC21E672AA0050085D /* AppDelegate.swift in Sources */,
				72E5663021EA8C6D0050085D /* Collect.swift in Sources */,
				72E5661C21E96ED40050085D /* UIWindow+.swift in Sources */,
			);
			runOnlyForDeploymentPostprocessing = 0;
		};
/* End PBXSourcesBuildPhase section */

/* Begin PBXVariantGroup section */
		72E565DF21E672AA0050085D /* Main.storyboard */ = {
			isa = PBXVariantGroup;
			children = (
				72E565E021E672AA0050085D /* Base */,
			);
			name = Main.storyboard;
			sourceTree = "<group>";
		};
		72E565E421E672AB0050085D /* LaunchScreen.storyboard */ = {
			isa = PBXVariantGroup;
			children = (
				72E565E521E672AB0050085D /* Base */,
			);
			name = LaunchScreen.storyboard;
			sourceTree = "<group>";
		};
/* End PBXVariantGroup section */

/* Begin XCBuildConfiguration section */
		72E565E821E672AB0050085D /* Debug */ = {
			isa = XCBuildConfiguration;
			buildSettings = {
				ALWAYS_SEARCH_USER_PATHS = NO;
				CLANG_ANALYZER_NONNULL = YES;
				CLANG_ANALYZER_NUMBER_OBJECT_CONVERSION = YES_AGGRESSIVE;
				CLANG_CXX_LANGUAGE_STANDARD = "gnu++14";
				CLANG_CXX_LIBRARY = "libc++";
				CLANG_ENABLE_MODULES = YES;
				CLANG_ENABLE_OBJC_ARC = YES;
				CLANG_ENABLE_OBJC_WEAK = YES;
				CLANG_WARN_BLOCK_CAPTURE_AUTORELEASING = YES;
				CLANG_WARN_BOOL_CONVERSION = YES;
				CLANG_WARN_COMMA = YES;
				CLANG_WARN_CONSTANT_CONVERSION = YES;
				CLANG_WARN_DEPRECATED_OBJC_IMPLEMENTATIONS = YES;
				CLANG_WARN_DIRECT_OBJC_ISA_USAGE = YES_ERROR;
				CLANG_WARN_DOCUMENTATION_COMMENTS = YES;
				CLANG_WARN_EMPTY_BODY = YES;
				CLANG_WARN_ENUM_CONVERSION = YES;
				CLANG_WARN_INFINITE_RECURSION = YES;
				CLANG_WARN_INT_CONVERSION = YES;
				CLANG_WARN_NON_LITERAL_NULL_CONVERSION = YES;
				CLANG_WARN_OBJC_IMPLICIT_RETAIN_SELF = YES;
				CLANG_WARN_OBJC_LITERAL_CONVERSION = YES;
				CLANG_WARN_OBJC_ROOT_CLASS = YES_ERROR;
				CLANG_WARN_RANGE_LOOP_ANALYSIS = YES;
				CLANG_WARN_STRICT_PROTOTYPES = YES;
				CLANG_WARN_SUSPICIOUS_MOVE = YES;
				CLANG_WARN_UNGUARDED_AVAILABILITY = YES_AGGRESSIVE;
				CLANG_WARN_UNREACHABLE_CODE = YES;
				CLANG_WARN__DUPLICATE_METHOD_MATCH = YES;
				CODE_SIGN_IDENTITY = "iPhone Developer";
				COPY_PHASE_STRIP = NO;
				DEBUG_INFORMATION_FORMAT = dwarf;
				ENABLE_STRICT_OBJC_MSGSEND = YES;
				ENABLE_TESTABILITY = YES;
				GCC_C_LANGUAGE_STANDARD = gnu11;
				GCC_DYNAMIC_NO_PIC = NO;
				GCC_NO_COMMON_BLOCKS = YES;
				GCC_OPTIMIZATION_LEVEL = 0;
				GCC_PREPROCESSOR_DEFINITIONS = (
					"DEBUG=1",
					"$(inherited)",
				);
				GCC_WARN_64_TO_32_BIT_CONVERSION = YES;
				GCC_WARN_ABOUT_RETURN_TYPE = YES_ERROR;
				GCC_WARN_UNDECLARED_SELECTOR = YES;
				GCC_WARN_UNINITIALIZED_AUTOS = YES_AGGRESSIVE;
				GCC_WARN_UNUSED_FUNCTION = YES;
				GCC_WARN_UNUSED_VARIABLE = YES;
				IPHONEOS_DEPLOYMENT_TARGET = 12.1;
				MTL_ENABLE_DEBUG_INFO = INCLUDE_SOURCE;
				MTL_FAST_MATH = YES;
				ONLY_ACTIVE_ARCH = YES;
				SDKROOT = iphoneos;
				SWIFT_ACTIVE_COMPILATION_CONDITIONS = DEBUG;
				SWIFT_OPTIMIZATION_LEVEL = "-Onone";
			};
			name = Debug;
		};
		72E565E921E672AB0050085D /* Release */ = {
			isa = XCBuildConfiguration;
			buildSettings = {
				ALWAYS_SEARCH_USER_PATHS = NO;
				CLANG_ANALYZER_NONNULL = YES;
				CLANG_ANALYZER_NUMBER_OBJECT_CONVERSION = YES_AGGRESSIVE;
				CLANG_CXX_LANGUAGE_STANDARD = "gnu++14";
				CLANG_CXX_LIBRARY = "libc++";
				CLANG_ENABLE_MODULES = YES;
				CLANG_ENABLE_OBJC_ARC = YES;
				CLANG_ENABLE_OBJC_WEAK = YES;
				CLANG_WARN_BLOCK_CAPTURE_AUTORELEASING = YES;
				CLANG_WARN_BOOL_CONVERSION = YES;
				CLANG_WARN_COMMA = YES;
				CLANG_WARN_CONSTANT_CONVERSION = YES;
				CLANG_WARN_DEPRECATED_OBJC_IMPLEMENTATIONS = YES;
				CLANG_WARN_DIRECT_OBJC_ISA_USAGE = YES_ERROR;
				CLANG_WARN_DOCUMENTATION_COMMENTS = YES;
				CLANG_WARN_EMPTY_BODY = YES;
				CLANG_WARN_ENUM_CONVERSION = YES;
				CLANG_WARN_INFINITE_RECURSION = YES;
				CLANG_WARN_INT_CONVERSION = YES;
				CLANG_WARN_NON_LITERAL_NULL_CONVERSION = YES;
				CLANG_WARN_OBJC_IMPLICIT_RETAIN_SELF = YES;
				CLANG_WARN_OBJC_LITERAL_CONVERSION = YES;
				CLANG_WARN_OBJC_ROOT_CLASS = YES_ERROR;
				CLANG_WARN_RANGE_LOOP_ANALYSIS = YES;
				CLANG_WARN_STRICT_PROTOTYPES = YES;
				CLANG_WARN_SUSPICIOUS_MOVE = YES;
				CLANG_WARN_UNGUARDED_AVAILABILITY = YES_AGGRESSIVE;
				CLANG_WARN_UNREACHABLE_CODE = YES;
				CLANG_WARN__DUPLICATE_METHOD_MATCH = YES;
				CODE_SIGN_IDENTITY = "iPhone Developer";
				COPY_PHASE_STRIP = NO;
				DEBUG_INFORMATION_FORMAT = "dwarf-with-dsym";
				ENABLE_NS_ASSERTIONS = NO;
				ENABLE_STRICT_OBJC_MSGSEND = YES;
				GCC_C_LANGUAGE_STANDARD = gnu11;
				GCC_NO_COMMON_BLOCKS = YES;
				GCC_WARN_64_TO_32_BIT_CONVERSION = YES;
				GCC_WARN_ABOUT_RETURN_TYPE = YES_ERROR;
				GCC_WARN_UNDECLARED_SELECTOR = YES;
				GCC_WARN_UNINITIALIZED_AUTOS = YES_AGGRESSIVE;
				GCC_WARN_UNUSED_FUNCTION = YES;
				GCC_WARN_UNUSED_VARIABLE = YES;
				IPHONEOS_DEPLOYMENT_TARGET = 12.1;
				MTL_ENABLE_DEBUG_INFO = NO;
				MTL_FAST_MATH = YES;
				SDKROOT = iphoneos;
				SWIFT_COMPILATION_MODE = wholemodule;
				SWIFT_OPTIMIZATION_LEVEL = "-O";
				VALIDATE_PRODUCT = YES;
			};
			name = Release;
		};
		72E565EB21E672AB0050085D /* Debug */ = {
			isa = XCBuildConfiguration;
			baseConfigurationReference = C4F55C20EA57E75E7292A46D /* Pods-Shopify.debug.xcconfig */;
			buildSettings = {
				ASSETCATALOG_COMPILER_APPICON_NAME = AppIcon;
				CODE_SIGN_STYLE = Automatic;
				DEVELOPMENT_TEAM = QVY9J7FRK5;
				INFOPLIST_FILE = Shopify/Info.plist;
				IPHONEOS_DEPLOYMENT_TARGET = 10.0;
				LD_RUNPATH_SEARCH_PATHS = (
					"$(inherited)",
					"@executable_path/Frameworks",
				);
				PRODUCT_BUNDLE_IDENTIFIER = io.Morteza.Shopify;
				PRODUCT_NAME = "$(TARGET_NAME)";
				SWIFT_VERSION = 4.2;
				TARGETED_DEVICE_FAMILY = "1,2";
			};
			name = Debug;
		};
		72E565EC21E672AB0050085D /* Release */ = {
			isa = XCBuildConfiguration;
			baseConfigurationReference = F5CE133B34D6800FABC4482A /* Pods-Shopify.release.xcconfig */;
			buildSettings = {
				ASSETCATALOG_COMPILER_APPICON_NAME = AppIcon;
				CODE_SIGN_STYLE = Automatic;
				DEVELOPMENT_TEAM = QVY9J7FRK5;
				INFOPLIST_FILE = Shopify/Info.plist;
				IPHONEOS_DEPLOYMENT_TARGET = 10.0;
				LD_RUNPATH_SEARCH_PATHS = (
					"$(inherited)",
					"@executable_path/Frameworks",
				);
				PRODUCT_BUNDLE_IDENTIFIER = io.Morteza.Shopify;
				PRODUCT_NAME = "$(TARGET_NAME)";
				SWIFT_VERSION = 4.2;
				TARGETED_DEVICE_FAMILY = "1,2";
			};
			name = Release;
		};
/* End XCBuildConfiguration section */

/* Begin XCConfigurationList section */
		72E565D321E672AA0050085D /* Build configuration list for PBXProject "Shopify" */ = {
			isa = XCConfigurationList;
			buildConfigurations = (
				72E565E821E672AB0050085D /* Debug */,
				72E565E921E672AB0050085D /* Release */,
			);
			defaultConfigurationIsVisible = 0;
			defaultConfigurationName = Release;
		};
		72E565EA21E672AB0050085D /* Build configuration list for PBXNativeTarget "Shopify" */ = {
			isa = XCConfigurationList;
			buildConfigurations = (
				72E565EB21E672AB0050085D /* Debug */,
				72E565EC21E672AB0050085D /* Release */,
			);
			defaultConfigurationIsVisible = 0;
			defaultConfigurationName = Release;
		};
/* End XCConfigurationList section */
	};
	rootObject = 72E565D021E672AA0050085D /* Project object */;
}
